
Microsoft Visual Studio Solution File, Format Version 12.00
# Visual Studio Version 17
VisualStudioVersion = 17.6.33723.286
MinimumVisualStudioVersion = 10.0.40219.1
Project("{FAE04EC0-301F-11D3-BF4B-00C04F79EFBC}") = "sabrina-harrypotter", "sabrina-harrypotter\sabrina-harrypotter.csproj", "{371560DE-778C-4480-8C6A-F65BA577696D}"
EndProject
Global
	GlobalSection(SolutionConfigurationPlatforms) = preSolution
		Debug|Any CPU = Debug|Any CPU
		Release|Any CPU = Release|Any CPU
	EndGlobalSection
	GlobalSection(ProjectConfigurationPlatforms) = postSolution
		{371560DE-778C-4480-8C6A-F65BA577696D}.Debug|Any CPU.ActiveCfg = Debug|Any CPU
		{371560DE-778C-4480-8C6A-F65BA577696D}.Debug|Any CPU.Build.0 = Debug|Any CPU
		{371560DE-778C-4480-8C6A-F65BA577696D}.Release|Any CPU.ActiveCfg = Release|Any CPU
		{371560DE-778C-4480-8C6A-F65BA577696D}.Release|Any CPU.Build.0 = Release|Any CPU
	EndGlobalSection
	GlobalSection(SolutionProperties) = preSolution
		HideSolutionNode = FALSE
	EndGlobalSection
	GlobalSection(ExtensibilityGlobals) = postSolution
		SolutionGuid = {73C6186C-E5FF-403B-AE48-8E328AAC35E3}
	EndGlobalSection
EndGlobal
